
Microsoft Visual Studio Solution File, Format Version 12.00
# Visual Studio Version 16
VisualStudioVersion = 16.0.32413.511
MinimumVisualStudioVersion = 10.0.40219.1
Project("{FAE04EC0-301F-11D3-BF4B-00C04F79EFBC}") = "Lecture2", "Lecture2\Lecture2.csproj", "{8D80BB52-F64E-4C08-9962-EF06259C63F1}"
EndProject
Global
	GlobalSection(SolutionConfigurationPlatforms) = preSolution
		Debug|Any CPU = Debug|Any CPU
		Release|Any CPU = Release|Any CPU
	EndGlobalSection
	GlobalSection(ProjectConfigurationPlatforms) = postSolution
		{8D80BB52-F64E-4C08-9962-EF06259C63F1}.Debug|Any CPU.ActiveCfg = Debug|Any CPU
		{8D80BB52-F64E-4C08-9962-EF06259C63F1}.Debug|Any CPU.Build.0 = Debug|Any CPU
		{8D80BB52-F64E-4C08-9962-EF06259C63F1}.Release|Any CPU.ActiveCfg = Release|Any CPU
		{8D80BB52-F64E-4C08-9962-EF06259C63F1}.Release|Any CPU.Build.0 = Release|Any CPU
	EndGlobalSection
	GlobalSection(SolutionProperties) = preSolution
		HideSolutionNode = FALSE
	EndGlobalSection
	GlobalSection(ExtensibilityGlobals) = postSolution
		SolutionGuid = {8DD2C77C-8659-44F2-9876-E5DAFB237B6C}
	EndGlobalSection
EndGlobal
